{
  "version": 4,
  "terraform_version": "1.1.0",
  "serial": 50,
  "lineage": "b2ed1442-3e76-f824-8a2a-0fa1737c31f8",
  "outputs": {
    "IP_publico": {
      "value": "52.55.0.204",
      "type": "string"
    }
  },
  "resources": [
    {
      "mode": "managed",
      "type": "aws_key_pair",
      "name": "chaveSSH",
      "provider": "provider[\"registry.terraform.io/hashicorp/aws\"]",
      "instances": [
        {
          "schema_version": 1,
          "attributes": {
            "arn": "arn:aws:ec2:us-east-1:201838394835:key-pair/chave-ssh",
            "fingerprint": "ab:bd:3b:8c:42:c7:54:64:52:2d:f4:b8:ff:e8:74:07",
            "id": "chave-ssh",
            "key_name": "chave-ssh",
            "key_name_prefix": "",
            "key_pair_id": "key-0c1ad8aeada55c82f",
            "public_key": "ssh-rsa AAAAB3NzaC1yc2EAAAADAQABAAABAQCK5pnyqMy8sUhyj8aP1ZvMUYWvQyUUQWO4yjKjBH3KBPqR+TyjbijZgkt9TFJ+kSftx1fEizns0mj+dbIe0yeSJ2B976S5RotWCqJCMCHGUGC2z9g0bVdOQaK5/M5Vp70ryH0zRVL1xm/gh7ZGZ8YaxeBk3R0WwF+Plgc68xURUYa6e4Vj+gAUrQYyGy8CZif1I7JXlCsvEY/dqCU1pBOQI/PEnBTpBu2mBOrU10H6S+uT1P9gF+ikpgb1w6ksrm4y56tEsMcvDNkGJPUyo6i6ySmkzEpQHgW0RiGaEvr5+OZ19/dupIFr1b+bcMmnNrADd7pzlR5JapRZidKQWEIn",
            "tags": null,
            "tags_all": {}
          },
          "sensitive_attributes": [],
          "private": "eyJzY2hlbWFfdmVyc2lvbiI6IjEifQ=="
        }
      ]
    },
    {
      "mode": "managed",
      "type": "aws_security_group",
      "name": "acesso_geral",
      "provider": "provider[\"registry.terraform.io/hashicorp/aws\"]",
      "instances": [
        {
          "schema_version": 1,
          "attributes": {
            "arn": "arn:aws:ec2:us-east-1:201838394835:security-group/sg-0d989b1a2d42d5e65",
            "description": "grupo do Dev",
            "egress": [
              {
                "cidr_blocks": [
                  "0.0.0.0/0"
                ],
                "description": "",
                "from_port": 0,
                "ipv6_cidr_blocks": [
                  "::/0"
                ],
                "prefix_list_ids": [],
                "protocol": "-1",
                "security_groups": [],
                "self": false,
                "to_port": 0
              }
            ],
            "id": "sg-0d989b1a2d42d5e65",
            "ingress": [
              {
                "cidr_blocks": [
                  "0.0.0.0/0"
                ],
                "description": "",
                "from_port": 0,
                "ipv6_cidr_blocks": [
                  "::/0"
                ],
                "prefix_list_ids": [],
                "protocol": "-1",
                "security_groups": [],
                "self": false,
                "to_port": 0
              }
            ],
            "name": "acesso_geral",
            "name_prefix": "",
            "owner_id": "201838394835",
            "revoke_rules_on_delete": false,
            "tags": {
              "Name": "acesso_geral"
            },
            "tags_all": {
              "Name": "acesso_geral"
            },
            "timeouts": null,
            "vpc_id": "vpc-07297822c3946a8fe"
          },
          "sensitive_attributes": [],
          "private": "eyJlMmJmYjczMC1lY2FhLTExZTYtOGY4OC0zNDM2M2JjN2M0YzAiOnsiY3JlYXRlIjo2MDAwMDAwMDAwMDAsImRlbGV0ZSI6OTAwMDAwMDAwMDAwfSwic2NoZW1hX3ZlcnNpb24iOiIxIn0="
        }
      ]
    }
  ]
}
